# generated by rye
# use `rye lock` or `rye sync` to update this lockfile
#
# last locked with the following flags:
#   pre: false
#   features: []
#   all-features: false
#   with-sources: false

-e file:.
annotated-types==0.7.0
    # via pydantic
certifi==2024.2.2
    # via requests
charset-normalizer==3.3.2
    # via requests
idna==3.7
    # via requests
pydantic==2.7.1
    # via llm-gateway-client
pydantic-core==2.18.2
    # via pydantic
requests==2.32.2
    # via llm-gateway-client
typing-extensions==4.12.0
    # via pydantic
    # via pydantic-core
urllib3==2.2.1
    # via requests
